
Microsoft Visual Studio Solution File, Format Version 12.00
# Visual Studio 14
VisualStudioVersion = 14.0.25420.1
MinimumVisualStudioVersion = 10.0.40219.1
Project("{2150E333-8FDC-42A3-9474-1A3956D46DE8}") = "src", "src", "{7013F565-0E32-437F-A06D-49D34E1D7FA2}"
EndProject
Project("{2150E333-8FDC-42A3-9474-1A3956D46DE8}") = "Solution Items", "Solution Items", "{7B90E232-68BD-4B1C-83AD-88529491F794}"
	ProjectSection(SolutionItems) = preProject
		global.json = global.json
	EndProjectSection
EndProject
Project("{8BB2217D-0F2D-49D1-97BC-3654ED321F3B}") = "easyShip.API", "src\easyShip.API\easyShip.API.xproj", "{00EDEC56-8B17-4A25-B517-593FC08B981D}"
EndProject
Global
	GlobalSection(SolutionConfigurationPlatforms) = preSolution
		Debug|Any CPU = Debug|Any CPU
		Release|Any CPU = Release|Any CPU
	EndGlobalSection
	GlobalSection(ProjectConfigurationPlatforms) = postSolution
		{00EDEC56-8B17-4A25-B517-593FC08B981D}.Debug|Any CPU.ActiveCfg = Debug|Any CPU
		{00EDEC56-8B17-4A25-B517-593FC08B981D}.Debug|Any CPU.Build.0 = Debug|Any CPU
		{00EDEC56-8B17-4A25-B517-593FC08B981D}.Release|Any CPU.ActiveCfg = Release|Any CPU
		{00EDEC56-8B17-4A25-B517-593FC08B981D}.Release|Any CPU.Build.0 = Release|Any CPU
	EndGlobalSection
	GlobalSection(SolutionProperties) = preSolution
		HideSolutionNode = FALSE
	EndGlobalSection
	GlobalSection(NestedProjects) = preSolution
		{00EDEC56-8B17-4A25-B517-593FC08B981D} = {7013F565-0E32-437F-A06D-49D34E1D7FA2}
	EndGlobalSection
EndGlobal
